# This file is autogenerated, do not edit; changes may be undone by the next 'dep ensure'.


[[projects]]
  branch = "master"
  name = "github.com/ParsePlatform/go.flagenv"
  packages = ["."]
  revision = "fcd59fca7456889be7f2ad4515b7612fd6acef31"

[[projects]]
  name = "github.com/go-sql-driver/mysql"
  packages = ["."]
  revision = "a0583e0143b1624142adab07e0e97fe106d99561"
  version = "v1.3"

[[projects]]
  branch = "master"
  name = "github.com/stvp/pager"
  packages = ["."]
  revision = "17442a04891b757880b72d926848df3e3af06c15"

[[projects]]
  name = "gopkg.in/gcfg.v1"
  packages = [".","scanner","token","types"]
  revision = "27e4946190b4a327b539185f2b5b1f7c84730728"
  version = "v1.2.0"

[[projects]]
  name = "gopkg.in/warnings.v0"
  packages = ["."]
  revision = "8a331561fe74dadba6edfc59f3be66c22c3b065d"
  version = "v0.1.1"

[solve-meta]
  analyzer-name = "dep"
  analyzer-version = 1
  inputs-digest = "fb9b85d1c5b52915acf29595d739d3174b71128ecb9bfc2ae022620525bf0021"
  solver-name = "gps-cdcl"
  solver-version = 1
